dependencies:
  espressif/esp_tinyusb:
    component_hash: cfa6deafbd3eeaa7eb16507149517aec49bd4a08fdfcf4297821570fd4c1fcfe
    dependencies:
    - name: idf
      require: private
      version: '>=5.0'
    - name: espressif/tinyusb
      registry_url: https://components.espressif.com
      require: public
      version: '>=0.14.2'
    source:
      registry_url: https://components.espressif.com/
      type: service
    version: 1.7.5
  espressif/tinyusb:
    component_hash: 10703da2c3cd39a944711ee3d320c6dda54debabf13b4b933a7c90daf102372b
    dependencies:
    - name: idf
      require: private
      version: '>=5.0'
    source:
      registry_url: https://components.espressif.com
      type: service
    targets:
    - esp32s2
    - esp32s3
    - esp32p4
    version: 0.18.0~2
  idf:
    source:
      type: idf
    version: 5.4.1
direct_dependencies:
- espressif/esp_tinyusb
- idf
manifest_hash: e6b04fe9760e32dd267aaacf55176715f815333ae8297efb23f0cb29a8443765
target: esp32s3
version: 2.0.0
